// !$*UTF8*$!
{
	archiveVersion = 1;
	classes = {
	};
	objectVersion = 50;
	objects = {

/* Begin PBXBuildFile section */
		70071CFA24A3587000ACBFDD /* AppDelegate.swift in Sources */ = {isa = PBXBuildFile; fileRef = 70071CF924A3587000ACBFDD /* AppDelegate.swift */; };
		70071CFC24A3587000ACBFDD /* SceneDelegate.swift in Sources */ = {isa = PBXBuildFile; fileRef = 70071CFB24A3587000ACBFDD /* SceneDelegate.swift */; };
		70071CFE24A3587000ACBFDD /* ViewController.swift in Sources */ = {isa = PBXBuildFile; fileRef = 70071CFD24A3587000ACBFDD /* ViewController.swift */; };
		70071D0124A3587000ACBFDD /* Main.storyboard in Resources */ = {isa = PBXBuildFile; fileRef = 70071CFF24A3587000ACBFDD /* Main.storyboard */; };
		70071D0424A3587000ACBFDD /* PracticeApp.xcdatamodeld in Sources */ = {isa = PBXBuildFile; fileRef = 70071D0224A3587000ACBFDD /* PracticeApp.xcdatamodeld */; };
		70071D0624A3587300ACBFDD /* Assets.xcassets in Resources */ = {isa = PBXBuildFile; fileRef = 70071D0524A3587300ACBFDD /* Assets.xcassets */; };
		70071D0924A3587300ACBFDD /* LaunchScreen.storyboard in Resources */ = {isa = PBXBuildFile; fileRef = 70071D0724A3587300ACBFDD /* LaunchScreen.storyboard */; };
		70071D1424A3587300ACBFDD /* PracticeAppTests.swift in Sources */ = {isa = PBXBuildFile; fileRef = 70071D1324A3587300ACBFDD /* PracticeAppTests.swift */; };
		70071D1F24A3587300ACBFDD /* PracticeAppUITests.swift in Sources */ = {isa = PBXBuildFile; fileRef = 70071D1E24A3587300ACBFDD /* PracticeAppUITests.swift */; };
/* End PBXBuildFile section */

/* Begin PBXContainerItemProxy section */
		70071D1024A3587300ACBFDD /* PBXContainerItemProxy */ = {
			isa = PBXContainerItemProxy;
			containerPortal = 70071CEE24A3587000ACBFDD /* Project object */;
			proxyType = 1;
			remoteGlobalIDString = 70071CF524A3587000ACBFDD;
			remoteInfo = PracticeApp;
		};
		70071D1B24A3587300ACBFDD /* PBXContainerItemProxy */ = {
			isa = PBXContainerItemProxy;
			containerPortal = 70071CEE24A3587000ACBFDD /* Project object */;
			proxyType = 1;
			remoteGlobalIDString = 70071CF524A3587000ACBFDD;
			remoteInfo = PracticeApp;
		};
/* End PBXContainerItemProxy section */

/* Begin PBXFileReference section */
		70071CF624A3587000ACBFDD /* PracticeApp.app */ = {isa = PBXFileReference; explicitFileType = wrapper.application; includeInIndex = 0; path = PracticeApp.app; sourceTree = BUILT_PRODUCTS_DIR; };
		70071CF924A3587000ACBFDD /* AppDelegate.swift */ = {isa = PBXFileReference; lastKnownFileType = sourcecode.swift; path = AppDelegate.swift; sourceTree = "<group>"; };
		70071CFB24A3587000ACBFDD /* SceneDelegate.swift */ = {isa = PBXFileReference; lastKnownFileType = sourcecode.swift; path = SceneDelegate.swift; sourceTree = "<group>"; };
		70071CFD24A3587000ACBFDD /* ViewController.swift */ = {isa = PBXFileReference; lastKnownFileType = sourcecode.swift; path = ViewController.swift; sourceTree = "<group>"; };
		70071D0024A3587000ACBFDD /* Base */ = {isa = PBXFileReference; lastKnownFileType = file.storyboard; name = Base; path = Base.lproj/Main.storyboard; sourceTree = "<group>"; };
		70071D0324A3587000ACBFDD /* PracticeApp.xcdatamodel */ = {isa = PBXFileReference; lastKnownFileType = wrapper.xcdatamodel; path = PracticeApp.xcdatamodel; sourceTree = "<group>"; };
		70071D0524A3587300ACBFDD /* Assets.xcassets */ = {isa = PBXFileReference; lastKnownFileType = folder.assetcatalog; path = Assets.xcassets; sourceTree = "<group>"; };
		70071D0824A3587300ACBFDD /* Base */ = {isa = PBXFileReference; lastKnownFileType = file.storyboard; name = Base; path = Base.lproj/LaunchScreen.storyboard; sourceTree = "<group>"; };
		70071D0A24A3587300ACBFDD /* Info.plist */ = {isa = PBXFileReference; lastKnownFileType = text.plist.xml; path = Info.plist; sourceTree = "<group>"; };
		70071D0F24A3587300ACBFDD /* PracticeAppTests.xctest */ = {isa = PBXFileReference; explicitFileType = wrapper.cfbundle; includeInIndex = 0; path = PracticeAppTests.xctest; sourceTree = BUILT_PRODUCTS_DIR; };
		70071D1324A3587300ACBFDD /* PracticeAppTests.swift */ = {isa = PBXFileReference; lastKnownFileType = sourcecode.swift; path = PracticeAppTests.swift; sourceTree = "<group>"; };
		70071D1524A3587300ACBFDD /* Info.plist */ = {isa = PBXFileReference; lastKnownFileType = text.plist.xml; path = Info.plist; sourceTree = "<group>"; };
		70071D1A24A3587300ACBFDD /* PracticeAppUITests.xctest */ = {isa = PBXFileReference; explicitFileType = wrapper.cfbundle; includeInIndex = 0; path = PracticeAppUITests.xctest; sourceTree = BUILT_PRODUCTS_DIR; };
		70071D1E24A3587300ACBFDD /* PracticeAppUITests.swift */ = {isa = PBXFileReference; lastKnownFileType = sourcecode.swift; path = PracticeAppUITests.swift; sourceTree = "<group>"; };
		70071D2024A3587300ACBFDD /* Info.plist */ = {isa = PBXFileReference; lastKnownFileType = text.plist.xml; path = Info.plist; sourceTree = "<group>"; };
/* End PBXFileReference section */

/* Begin PBXFrameworksBuildPhase section */
		70071CF324A3587000ACBFDD /* Frameworks */ = {
			isa = PBXFrameworksBuildPhase;
			buildActionMask = 2147483647;
			files = (
			);
			runOnlyForDeploymentPostprocessing = 0;
		};
		70071D0C24A3587300ACBFDD /* Frameworks */ = {
			isa = PBXFrameworksBuildPhase;
			buildActionMask = 2147483647;
			files = (
			);
			runOnlyForDeploymentPostprocessing = 0;
		};
		70071D1724A3587300ACBFDD /* Frameworks */ = {
			isa = PBXFrameworksBuildPhase;
			buildActionMask = 2147483647;
			files = (
			);
			runOnlyForDeploymentPostprocessing = 0;
		};
/* End PBXFrameworksBuildPhase section */

/* Begin PBXGroup section */
		70071CED24A3587000ACBFDD = {
			isa = PBXGroup;
			children = (
				70071CF824A3587000ACBFDD /* PracticeApp */,
				70071D1224A3587300ACBFDD /* PracticeAppTests */,
				70071D1D24A3587300ACBFDD /* PracticeAppUITests */,
				70071CF724A3587000ACBFDD /* Products */,
			);
			sourceTree = "<group>";
		};
		70071CF724A3587000ACBFDD /* Products */ = {
			isa = PBXGroup;
			children = (
				70071CF624A3587000ACBFDD /* PracticeApp.app */,
				70071D0F24A3587300ACBFDD /* PracticeAppTests.xctest */,
				70071D1A24A3587300ACBFDD /* PracticeAppUITests.xctest */,
			);
			name = Products;
			sourceTree = "<group>";
		};
		70071CF824A3587000ACBFDD /* PracticeApp */ = {
			isa = PBXGroup;
			children = (
				70071CF924A3587000ACBFDD /* AppDelegate.swift */,
				70071CFB24A3587000ACBFDD /* SceneDelegate.swift */,
				70071CFD24A3587000ACBFDD /* ViewController.swift */,
				70071CFF24A3587000ACBFDD /* Main.storyboard */,
				70071D0524A3587300ACBFDD /* Assets.xcassets */,
				70071D0724A3587300ACBFDD /* LaunchScreen.storyboard */,
				70071D0A24A3587300ACBFDD /* Info.plist */,
				70071D0224A3587000ACBFDD /* PracticeApp.xcdatamodeld */,
			);
			path = PracticeApp;
			sourceTree = "<group>";
		};
		70071D1224A3587300ACBFDD /* PracticeAppTests */ = {
			isa = PBXGroup;
			children = (
				70071D1324A3587300ACBFDD /* PracticeAppTests.swift */,
				70071D1524A3587300ACBFDD /* Info.plist */,
			);
			path = PracticeAppTests;
			sourceTree = "<group>";
		};
		70071D1D24A3587300ACBFDD /* PracticeAppUITests */ = {
			isa = PBXGroup;
			children = (
				70071D1E24A3587300ACBFDD /* PracticeAppUITests.swift */,
				70071D2024A3587300ACBFDD /* Info.plist */,
			);
			path = PracticeAppUITests;
			sourceTree = "<group>";
		};
/* End PBXGroup section */

/* Begin PBXNativeTarget section */
		70071CF524A3587000ACBFDD /* PracticeApp */ = {
			isa = PBXNativeTarget;
			buildConfigurationList = 70071D2324A3587300ACBFDD /* Build configuration list for PBXNativeTarget "PracticeApp" */;
			buildPhases = (
				70071CF224A3587000ACBFDD /* Sources */,
				70071CF324A3587000ACBFDD /* Frameworks */,
				70071CF424A3587000ACBFDD /* Resources */,
			);
			buildRules = (
			);
			dependencies = (
			);
			name = PracticeApp;
			productName = PracticeApp;
			productReference = 70071CF624A3587000ACBFDD /* PracticeApp.app */;
			productType = "com.apple.product-type.application";
		};
		70071D0E24A3587300ACBFDD /* PracticeAppTests */ = {
			isa = PBXNativeTarget;
			buildConfigurationList = 70071D2624A3587300ACBFDD /* Build configuration list for PBXNativeTarget "PracticeAppTests" */;
			buildPhases = (
				70071D0B24A3587300ACBFDD /* Sources */,
				70071D0C24A3587300ACBFDD /* Frameworks */,
				70071D0D24A3587300ACBFDD /* Resources */,
			);
			buildRules = (
			);
			dependencies = (
				70071D1124A3587300ACBFDD /* PBXTargetDependency */,
			);
			name = PracticeAppTests;
			productName = PracticeAppTests;
			productReference = 70071D0F24A3587300ACBFDD /* PracticeAppTests.xctest */;
			productType = "com.apple.product-type.bundle.unit-test";
		};
		70071D1924A3587300ACBFDD /* PracticeAppUITests */ = {
			isa = PBXNativeTarget;
			buildConfigurationList = 70071D2924A3587300ACBFDD /* Build configuration list for PBXNativeTarget "PracticeAppUITests" */;
			buildPhases = (
				70071D1624A3587300ACBFDD /* Sources */,
				70071D1724A3587300ACBFDD /* Frameworks */,
				70071D1824A3587300ACBFDD /* Resources */,
			);
			buildRules = (
			);
			dependencies = (
				70071D1C24A3587300ACBFDD /* PBXTargetDependency */,
			);
			name = PracticeAppUITests;
			productName = PracticeAppUITests;
			productReference = 70071D1A24A3587300ACBFDD /* PracticeAppUITests.xctest */;
			productType = "com.apple.product-type.bundle.ui-testing";
		};
/* End PBXNativeTarget section */

/* Begin PBXProject section */
		70071CEE24A3587000ACBFDD /* Project object */ = {
			isa = PBXProject;
			attributes = {
				LastSwiftUpdateCheck = 1140;
				LastUpgradeCheck = 1140;
				ORGANIZATIONNAME = "Ewoud Wortelboer";
				TargetAttributes = {
					70071CF524A3587000ACBFDD = {
						CreatedOnToolsVersion = 11.4.1;
					};
					70071D0E24A3587300ACBFDD = {
						CreatedOnToolsVersion = 11.4.1;
						TestTargetID = 70071CF524A3587000ACBFDD;
					};
					70071D1924A3587300ACBFDD = {
						CreatedOnToolsVersion = 11.4.1;
						TestTargetID = 70071CF524A3587000ACBFDD;
					};
				};
			};
			buildConfigurationList = 70071CF124A3587000ACBFDD /* Build configuration list for PBXProject "PracticeApp" */;
			compatibilityVersion = "Xcode 9.3";
			developmentRegion = en;
			hasScannedForEncodings = 0;
			knownRegions = (
				en,
				Base,
			);
			mainGroup = 70071CED24A3587000ACBFDD;
			productRefGroup = 70071CF724A3587000ACBFDD /* Products */;
			projectDirPath = "";
			projectRoot = "";
			targets = (
				70071CF524A3587000ACBFDD /* PracticeApp */,
				70071D0E24A3587300ACBFDD /* PracticeAppTests */,
				70071D1924A3587300ACBFDD /* PracticeAppUITests */,
			);
		};
/* End PBXProject section */

/* Begin PBXResourcesBuildPhase section */
		70071CF424A3587000ACBFDD /* Resources */ = {
			isa = PBXResourcesBuildPhase;
			buildActionMask = 2147483647;
			files = (
				70071D0924A3587300ACBFDD /* LaunchScreen.storyboard in Resources */,
				70071D0624A3587300ACBFDD /* Assets.xcassets in Resources */,
				70071D0124A3587000ACBFDD /* Main.storyboard in Resources */,
			);
			runOnlyForDeploymentPostprocessing = 0;
		};
		70071D0D24A3587300ACBFDD /* Resources */ = {
			isa = PBXResourcesBuildPhase;
			buildActionMask = 2147483647;
			files = (
			);
			runOnlyForDeploymentPostprocessing = 0;
		};
		70071D1824A3587300ACBFDD /* Resources */ = {
			isa = PBXResourcesBuildPhase;
			buildActionMask = 2147483647;
			files = (
			);
			runOnlyForDeploymentPostprocessing = 0;
		};
/* End PBXResourcesBuildPhase section */

/* Begin PBXSourcesBuildPhase section */
		70071CF224A3587000ACBFDD /* Sources */ = {
			isa = PBXSourcesBuildPhase;
			buildActionMask = 2147483647;
			files = (
				70071D0424A3587000ACBFDD /* PracticeApp.xcdatamodeld in Sources */,
				70071CFE24A3587000ACBFDD /* ViewController.swift in Sources */,
				70071CFA24A3587000ACBFDD /* AppDelegate.swift in Sources */,
				70071CFC24A3587000ACBFDD /* SceneDelegate.swift in Sources */,
			);
			runOnlyForDeploymentPostprocessing = 0;
		};
		70071D0B24A3587300ACBFDD /* Sources */ = {
			isa = PBXSourcesBuildPhase;
			buildActionMask = 2147483647;
			files = (
				70071D1424A3587300ACBFDD /* PracticeAppTests.swift in Sources */,
			);
			runOnlyForDeploymentPostprocessing = 0;
		};
		70071D1624A3587300ACBFDD /* Sources */ = {
			isa = PBXSourcesBuildPhase;
			buildActionMask = 2147483647;
			files = (
				70071D1F24A3587300ACBFDD /* PracticeAppUITests.swift in Sources */,
			);
			runOnlyForDeploymentPostprocessing = 0;
		};
/* End PBXSourcesBuildPhase section */

/* Begin PBXTargetDependency section */
		70071D1124A3587300ACBFDD /* PBXTargetDependency */ = {
			isa = PBXTargetDependency;
			target = 70071CF524A3587000ACBFDD /* PracticeApp */;
			targetProxy = 70071D1024A3587300ACBFDD /* PBXContainerItemProxy */;
		};
		70071D1C24A3587300ACBFDD /* PBXTargetDependency */ = {
			isa = PBXTargetDependency;
			target = 70071CF524A3587000ACBFDD /* PracticeApp */;
			targetProxy = 70071D1B24A3587300ACBFDD /* PBXContainerItemProxy */;
		};
/* End PBXTargetDependency section */

/* Begin PBXVariantGroup section */
		70071CFF24A3587000ACBFDD /* Main.storyboard */ = {
			isa = PBXVariantGroup;
			children = (
				70071D0024A3587000ACBFDD /* Base */,
			);
			name = Main.storyboard;
			sourceTree = "<group>";
		};
		70071D0724A3587300ACBFDD /* LaunchScreen.storyboard */ = {
			isa = PBXVariantGroup;
			children = (
				70071D0824A3587300ACBFDD /* Base */,
			);
			name = LaunchScreen.storyboard;
			sourceTree = "<group>";
		};
/* End PBXVariantGroup section */

/* Begin XCBuildConfiguration section */
		70071D2124A3587300ACBFDD /* Debug */ = {
			isa = XCBuildConfiguration;
			buildSettings = {
				ALWAYS_SEARCH_USER_PATHS = NO;
				CLANG_ANALYZER_NONNULL = YES;
				CLANG_ANALYZER_NUMBER_OBJECT_CONVERSION = YES_AGGRESSIVE;
				CLANG_CXX_LANGUAGE_STANDARD = "gnu++14";
				CLANG_CXX_LIBRARY = "libc++";
				CLANG_ENABLE_MODULES = YES;
				CLANG_ENABLE_OBJC_ARC = YES;
				CLANG_ENABLE_OBJC_WEAK = YES;
				CLANG_WARN_BLOCK_CAPTURE_AUTORELEASING = YES;
				CLANG_WARN_BOOL_CONVERSION = YES;
				CLANG_WARN_COMMA = YES;
				CLANG_WARN_CONSTANT_CONVERSION = YES;
				CLANG_WARN_DEPRECATED_OBJC_IMPLEMENTATIONS = YES;
				CLANG_WARN_DIRECT_OBJC_ISA_USAGE = YES_ERROR;
				CLANG_WARN_DOCUMENTATION_COMMENTS = YES;
				CLANG_WARN_EMPTY_BODY = YES;
				CLANG_WARN_ENUM_CONVERSION = YES;
				CLANG_WARN_INFINITE_RECURSION = YES;
				CLANG_WARN_INT_CONVERSION = YES;
				CLANG_WARN_NON_LITERAL_NULL_CONVERSION = YES;
				CLANG_WARN_OBJC_IMPLICIT_RETAIN_SELF = YES;
				CLANG_WARN_OBJC_LITERAL_CONVERSION = YES;
				CLANG_WARN_OBJC_ROOT_CLASS = YES_ERROR;
				CLANG_WARN_RANGE_LOOP_ANALYSIS = YES;
				CLANG_WARN_STRICT_PROTOTYPES = YES;
				CLANG_WARN_SUSPICIOUS_MOVE = YES;
				CLANG_WARN_UNGUARDED_AVAILABILITY = YES_AGGRESSIVE;
				CLANG_WARN_UNREACHABLE_CODE = YES;
				CLANG_WARN__DUPLICATE_METHOD_MATCH = YES;
				COPY_PHASE_STRIP = NO;
				DEBUG_INFORMATION_FORMAT = dwarf;
				ENABLE_STRICT_OBJC_MSGSEND = YES;
				ENABLE_TESTABILITY = YES;
				GCC_C_LANGUAGE_STANDARD = gnu11;
				GCC_DYNAMIC_NO_PIC = NO;
				GCC_NO_COMMON_BLOCKS = YES;
				GCC_OPTIMIZATION_LEVEL = 0;
				GCC_PREPROCESSOR_DEFINITIONS = (
					"DEBUG=1",
					"$(inherited)",
				);
				GCC_WARN_64_TO_32_BIT_CONVERSION = YES;
				GCC_WARN_ABOUT_RETURN_TYPE = YES_ERROR;
				GCC_WARN_UNDECLARED_SELECTOR = YES;
				GCC_WARN_UNINITIALIZED_AUTOS = YES_AGGRESSIVE;
				GCC_WARN_UNUSED_FUNCTION = YES;
				GCC_WARN_UNUSED_VARIABLE = YES;
				IPHONEOS_DEPLOYMENT_TARGET = 13.4;
				MTL_ENABLE_DEBUG_INFO = INCLUDE_SOURCE;
				MTL_FAST_MATH = YES;
				ONLY_ACTIVE_ARCH = YES;
				SDKROOT = iphoneos;
				SWIFT_ACTIVE_COMPILATION_CONDITIONS = DEBUG;
				SWIFT_OPTIMIZATION_LEVEL = "-Onone";
			};
			name = Debug;
		};
		70071D2224A3587300ACBFDD /* Release */ = {
			isa = XCBuildConfiguration;
			buildSettings = {
				ALWAYS_SEARCH_USER_PATHS = NO;
				CLANG_ANALYZER_NONNULL = YES;
				CLANG_ANALYZER_NUMBER_OBJECT_CONVERSION = YES_AGGRESSIVE;
				CLANG_CXX_LANGUAGE_STANDARD = "gnu++14";
				CLANG_CXX_LIBRARY = "libc++";
				CLANG_ENABLE_MODULES = YES;
				CLANG_ENABLE_OBJC_ARC = YES;
				CLANG_ENABLE_OBJC_WEAK = YES;
				CLANG_WARN_BLOCK_CAPTURE_AUTORELEASING = YES;
				CLANG_WARN_BOOL_CONVERSION = YES;
				CLANG_WARN_COMMA = YES;
				CLANG_WARN_CONSTANT_CONVERSION = YES;
				CLANG_WARN_DEPRECATED_OBJC_IMPLEMENTATIONS = YES;
				CLANG_WARN_DIRECT_OBJC_ISA_USAGE = YES_ERROR;
				CLANG_WARN_DOCUMENTATION_COMMENTS = YES;
				CLANG_WARN_EMPTY_BODY = YES;
				CLANG_WARN_ENUM_CONVERSION = YES;
				CLANG_WARN_INFINITE_RECURSION = YES;
				CLANG_WARN_INT_CONVERSION = YES;
				CLANG_WARN_NON_LITERAL_NULL_CONVERSION = YES;
				CLANG_WARN_OBJC_IMPLICIT_RETAIN_SELF = YES;
				CLANG_WARN_OBJC_LITERAL_CONVERSION = YES;
				CLANG_WARN_OBJC_ROOT_CLASS = YES_ERROR;
				CLANG_WARN_RANGE_LOOP_ANALYSIS = YES;
				CLANG_WARN_STRICT_PROTOTYPES = YES;
				CLANG_WARN_SUSPICIOUS_MOVE = YES;
				CLANG_WARN_UNGUARDED_AVAILABILITY = YES_AGGRESSIVE;
				CLANG_WARN_UNREACHABLE_CODE = YES;
				CLANG_WARN__DUPLICATE_METHOD_MATCH = YES;
				COPY_PHASE_STRIP = NO;
				DEBUG_INFORMATION_FORMAT = "dwarf-with-dsym";
				ENABLE_NS_ASSERTIONS = NO;
				ENABLE_STRICT_OBJC_MSGSEND = YES;
				GCC_C_LANGUAGE_STANDARD = gnu11;
				GCC_NO_COMMON_BLOCKS = YES;
				GCC_WARN_64_TO_32_BIT_CONVERSION = YES;
				GCC_WARN_ABOUT_RETURN_TYPE = YES_ERROR;
				GCC_WARN_UNDECLARED_SELECTOR = YES;
				GCC_WARN_UNINITIALIZED_AUTOS = YES_AGGRESSIVE;
				GCC_WARN_UNUSED_FUNCTION = YES;
				GCC_WARN_UNUSED_VARIABLE = YES;
				IPHONEOS_DEPLOYMENT_TARGET = 13.4;
				MTL_ENABLE_DEBUG_INFO = NO;
				MTL_FAST_MATH = YES;
				SDKROOT = iphoneos;
				SWIFT_COMPILATION_MODE = wholemodule;
				SWIFT_OPTIMIZATION_LEVEL = "-O";
				VALIDATE_PRODUCT = YES;
			};
			name = Release;
		};
		70071D2424A3587300ACBFDD /* Debug */ = {
			isa = XCBuildConfiguration;
			buildSettings = {
				ASSETCATALOG_COMPILER_APPICON_NAME = AppIcon;
				CODE_SIGN_STYLE = Automatic;
				DEVELOPMENT_TEAM = 9RM5T37GRD;
				INFOPLIST_FILE = PracticeApp/Info.plist;
				LD_RUNPATH_SEARCH_PATHS = (
					"$(inherited)",
					"@executable_path/Frameworks",
				);
				PRODUCT_BUNDLE_IDENTIFIER = com.ewoudwortelboer.PracticeApp;
				PRODUCT_NAME = "$(TARGET_NAME)";
				SWIFT_VERSION = 5.0;
				TARGETED_DEVICE_FAMILY = "1,2";
			};
			name = Debug;
		};
		70071D2524A3587300ACBFDD /* Release */ = {
			isa = XCBuildConfiguration;
			buildSettings = {
				ASSETCATALOG_COMPILER_APPICON_NAME = AppIcon;
				CODE_SIGN_STYLE = Automatic;
				DEVELOPMENT_TEAM = 9RM5T37GRD;
				INFOPLIST_FILE = PracticeApp/Info.plist;
				LD_RUNPATH_SEARCH_PATHS = (
					"$(inherited)",
					"@executable_path/Frameworks",
				);
				PRODUCT_BUNDLE_IDENTIFIER = com.ewoudwortelboer.PracticeApp;
				PRODUCT_NAME = "$(TARGET_NAME)";
				SWIFT_VERSION = 5.0;
				TARGETED_DEVICE_FAMILY = "1,2";
			};
			name = Release;
		};
		70071D2724A3587300ACBFDD /* Debug */ = {
			isa = XCBuildConfiguration;
			buildSettings = {
				ALWAYS_EMBED_SWIFT_STANDARD_LIBRARIES = YES;
				BUNDLE_LOADER = "$(TEST_HOST)";
				CODE_SIGN_STYLE = Automatic;
				DEVELOPMENT_TEAM = 9RM5T37GRD;
				INFOPLIST_FILE = PracticeAppTests/Info.plist;
				IPHONEOS_DEPLOYMENT_TARGET = 13.4;
				LD_RUNPATH_SEARCH_PATHS = (
					"$(inherited)",
					"@executable_path/Frameworks",
					"@loader_path/Frameworks",
				);
				PRODUCT_BUNDLE_IDENTIFIER = com.ewoudwortelboer.PracticeAppTests;
				PRODUCT_NAME = "$(TARGET_NAME)";
				SWIFT_VERSION = 5.0;
				TARGETED_DEVICE_FAMILY = "1,2";
				TEST_HOST = "$(BUILT_PRODUCTS_DIR)/PracticeApp.app/PracticeApp";
			};
			name = Debug;
		};
		70071D2824A3587300ACBFDD /* Release */ = {
			isa = XCBuildConfiguration;
			buildSettings = {
				ALWAYS_EMBED_SWIFT_STANDARD_LIBRARIES = YES;
				BUNDLE_LOADER = "$(TEST_HOST)";
				CODE_SIGN_STYLE = Automatic;
				DEVELOPMENT_TEAM = 9RM5T37GRD;
				INFOPLIST_FILE = PracticeAppTests/Info.plist;
				IPHONEOS_DEPLOYMENT_TARGET = 13.4;
				LD_RUNPATH_SEARCH_PATHS = (
					"$(inherited)",
					"@executable_path/Frameworks",
					"@loader_path/Frameworks",
				);
				PRODUCT_BUNDLE_IDENTIFIER = com.ewoudwortelboer.PracticeAppTests;
				PRODUCT_NAME = "$(TARGET_NAME)";
				SWIFT_VERSION = 5.0;
				TARGETED_DEVICE_FAMILY = "1,2";
				TEST_HOST = "$(BUILT_PRODUCTS_DIR)/PracticeApp.app/PracticeApp";
			};
			name = Release;
		};
		70071D2A24A3587300ACBFDD /* Debug */ = {
			isa = XCBuildConfiguration;
			buildSettings = {
				ALWAYS_EMBED_SWIFT_STANDARD_LIBRARIES = YES;
				CODE_SIGN_STYLE = Automatic;
				DEVELOPMENT_TEAM = 9RM5T37GRD;
				INFOPLIST_FILE = PracticeAppUITests/Info.plist;
				LD_RUNPATH_SEARCH_PATHS = (
					"$(inherited)",
					"@executable_path/Frameworks",
					"@loader_path/Frameworks",
				);
				PRODUCT_BUNDLE_IDENTIFIER = com.ewoudwortelboer.PracticeAppUITests;
				PRODUCT_NAME = "$(TARGET_NAME)";
				SWIFT_VERSION = 5.0;
				TARGETED_DEVICE_FAMILY = "1,2";
				TEST_TARGET_NAME = PracticeApp;
			};
			name = Debug;
		};
		70071D2B24A3587300ACBFDD /* Release */ = {
			isa = XCBuildConfiguration;
			buildSettings = {
				ALWAYS_EMBED_SWIFT_STANDARD_LIBRARIES = YES;
				CODE_SIGN_STYLE = Automatic;
				DEVELOPMENT_TEAM = 9RM5T37GRD;
				INFOPLIST_FILE = PracticeAppUITests/Info.plist;
				LD_RUNPATH_SEARCH_PATHS = (
					"$(inherited)",
					"@executable_path/Frameworks",
					"@loader_path/Frameworks",
				);
				PRODUCT_BUNDLE_IDENTIFIER = com.ewoudwortelboer.PracticeAppUITests;
				PRODUCT_NAME = "$(TARGET_NAME)";
				SWIFT_VERSION = 5.0;
				TARGETED_DEVICE_FAMILY = "1,2";
				TEST_TARGET_NAME = PracticeApp;
			};
			name = Release;
		};
/* End XCBuildConfiguration section */

/* Begin XCConfigurationList section */
		70071CF124A3587000ACBFDD /* Build configuration list for PBXProject "PracticeApp" */ = {
			isa = XCConfigurationList;
			buildConfigurations = (
				70071D2124A3587300ACBFDD /* Debug */,
				70071D2224A3587300ACBFDD /* Release */,
			);
			defaultConfigurationIsVisible = 0;
			defaultConfigurationName = Release;
		};
		70071D2324A3587300ACBFDD /* Build configuration list for PBXNativeTarget "PracticeApp" */ = {
			isa = XCConfigurationList;
			buildConfigurations = (
				70071D2424A3587300ACBFDD /* Debug */,
				70071D2524A3587300ACBFDD /* Release */,
			);
			defaultConfigurationIsVisible = 0;
			defaultConfigurationName = Release;
		};
		70071D2624A3587300ACBFDD /* Build configuration list for PBXNativeTarget "PracticeAppTests" */ = {
			isa = XCConfigurationList;
			buildConfigurations = (
				70071D2724A3587300ACBFDD /* Debug */,
				70071D2824A3587300ACBFDD /* Release */,
			);
			defaultConfigurationIsVisible = 0;
			defaultConfigurationName = Release;
		};
		70071D2924A3587300ACBFDD /* Build configuration list for PBXNativeTarget "PracticeAppUITests" */ = {
			isa = XCConfigurationList;
			buildConfigurations = (
				70071D2A24A3587300ACBFDD /* Debug */,
				70071D2B24A3587300ACBFDD /* Release */,
			);
			defaultConfigurationIsVisible = 0;
			defaultConfigurationName = Release;
		};
/* End XCConfigurationList section */

/* Begin XCVersionGroup section */
		70071D0224A3587000ACBFDD /* PracticeApp.xcdatamodeld */ = {
			isa = XCVersionGroup;
			children = (
				70071D0324A3587000ACBFDD /* PracticeApp.xcdatamodel */,
			);
			currentVersion = 70071D0324A3587000ACBFDD /* PracticeApp.xcdatamodel */;
			path = PracticeApp.xcdatamodeld;
			sourceTree = "<group>";
			versionGroupType = wrapper.xcdatamodel;
		};
/* End XCVersionGroup section */
	};
	rootObject = 70071CEE24A3587000ACBFDD /* Project object */;
}
